
Microsoft Visual Studio Solution File, Format Version 12.00
# Visual Studio 2013
VisualStudioVersion = 12.0.30501.0
MinimumVisualStudioVersion = 10.0.40219.1
Project("{FAE04EC0-301F-11D3-BF4B-00C04F79EFBC}") = "GuardDog", "GuardDog\GuardDog.csproj", "{7F883D35-2E03-48EB-9CE5-5CD66361EA0A}"
EndProject
Project("{FAE04EC0-301F-11D3-BF4B-00C04F79EFBC}") = "Infrastructure", "Infrastructure\Infrastructure.csproj", "{1262169B-6657-492A-AA35-68D54913E6E1}"
EndProject
Project("{FAE04EC0-301F-11D3-BF4B-00C04F79EFBC}") = "WebMonitor", "WebMonitor\WebMonitor.csproj", "{6F965A7A-6481-4203-8906-31F3053A7FAF}"
EndProject
Project("{FAE04EC0-301F-11D3-BF4B-00C04F79EFBC}") = "DelBigDirectory", "DelBigDirectory\DelBigDirectory.csproj", "{32A4CA1E-7491-41AD-8BFD-5064770EA0EA}"
EndProject
Project("{FAE04EC0-301F-11D3-BF4B-00C04F79EFBC}") = "IISMonitor", "IISMonitor\IISMonitor.csproj", "{7C36F095-1C6D-405B-B508-1F9D2969C9C9}"
EndProject
Project("{2150E333-8FDC-42A3-9474-1A3956D46DE8}") = "CloundTools", "CloundTools", "{67C57E90-E651-43EA-AD9D-CB0F77A65F95}"
EndProject
Project("{FAE04EC0-301F-11D3-BF4B-00C04F79EFBC}") = "SeniverseForm", "CloundTool\SeniverseForm\SeniverseForm.csproj", "{3CED8EAB-70BC-4224-AA57-E7CA1FCA1869}"
EndProject
Project("{FAE04EC0-301F-11D3-BF4B-00C04F79EFBC}") = "MinPost", "MinPost\MinPost.csproj", "{59BB3188-CF35-4F51-9E11-4A90116C6B49}"
EndProject
Project("{2150E333-8FDC-42A3-9474-1A3956D46DE8}") = "Library", "Library", "{2218BE41-4DE6-4DA1-860D-25F4C79B01BA}"
EndProject
Project("{FAE04EC0-301F-11D3-BF4B-00C04F79EFBC}") = "WeatherLib", "Library\WeatherLib\WeatherLib.csproj", "{AF70510D-C8A4-4020-A33E-88E1CF6B010D}"
EndProject
Project("{FAE04EC0-301F-11D3-BF4B-00C04F79EFBC}") = "WeatherApp", "CloundTool\WeatherApp\WeatherApp.csproj", "{00EB437E-7A14-457C-B44C-5258F40D2D01}"
EndProject
Project("{FAE04EC0-301F-11D3-BF4B-00C04F79EFBC}") = "CameraApp", "CloundTool\CameraApp\CameraApp.csproj", "{53868240-8CC2-4D6E-A174-CD037C179DB0}"
EndProject
Global
	GlobalSection(SolutionConfigurationPlatforms) = preSolution
		Debug|Any CPU = Debug|Any CPU
		Release|Any CPU = Release|Any CPU
	EndGlobalSection
	GlobalSection(ProjectConfigurationPlatforms) = postSolution
		{7F883D35-2E03-48EB-9CE5-5CD66361EA0A}.Debug|Any CPU.ActiveCfg = Debug|Any CPU
		{7F883D35-2E03-48EB-9CE5-5CD66361EA0A}.Debug|Any CPU.Build.0 = Debug|Any CPU
		{7F883D35-2E03-48EB-9CE5-5CD66361EA0A}.Release|Any CPU.ActiveCfg = Release|Any CPU
		{7F883D35-2E03-48EB-9CE5-5CD66361EA0A}.Release|Any CPU.Build.0 = Release|Any CPU
		{1262169B-6657-492A-AA35-68D54913E6E1}.Debug|Any CPU.ActiveCfg = Debug|Any CPU
		{1262169B-6657-492A-AA35-68D54913E6E1}.Debug|Any CPU.Build.0 = Debug|Any CPU
		{1262169B-6657-492A-AA35-68D54913E6E1}.Release|Any CPU.ActiveCfg = Release|Any CPU
		{1262169B-6657-492A-AA35-68D54913E6E1}.Release|Any CPU.Build.0 = Release|Any CPU
		{6F965A7A-6481-4203-8906-31F3053A7FAF}.Debug|Any CPU.ActiveCfg = Debug|Any CPU
		{6F965A7A-6481-4203-8906-31F3053A7FAF}.Debug|Any CPU.Build.0 = Debug|Any CPU
		{6F965A7A-6481-4203-8906-31F3053A7FAF}.Release|Any CPU.ActiveCfg = Release|Any CPU
		{6F965A7A-6481-4203-8906-31F3053A7FAF}.Release|Any CPU.Build.0 = Release|Any CPU
		{32A4CA1E-7491-41AD-8BFD-5064770EA0EA}.Debug|Any CPU.ActiveCfg = Debug|Any CPU
		{32A4CA1E-7491-41AD-8BFD-5064770EA0EA}.Debug|Any CPU.Build.0 = Debug|Any CPU
		{32A4CA1E-7491-41AD-8BFD-5064770EA0EA}.Release|Any CPU.ActiveCfg = Release|Any CPU
		{32A4CA1E-7491-41AD-8BFD-5064770EA0EA}.Release|Any CPU.Build.0 = Release|Any CPU
		{7C36F095-1C6D-405B-B508-1F9D2969C9C9}.Debug|Any CPU.ActiveCfg = Debug|Any CPU
		{7C36F095-1C6D-405B-B508-1F9D2969C9C9}.Debug|Any CPU.Build.0 = Debug|Any CPU
		{7C36F095-1C6D-405B-B508-1F9D2969C9C9}.Release|Any CPU.ActiveCfg = Release|Any CPU
		{7C36F095-1C6D-405B-B508-1F9D2969C9C9}.Release|Any CPU.Build.0 = Release|Any CPU
		{3CED8EAB-70BC-4224-AA57-E7CA1FCA1869}.Debug|Any CPU.ActiveCfg = Debug|Any CPU
		{3CED8EAB-70BC-4224-AA57-E7CA1FCA1869}.Debug|Any CPU.Build.0 = Debug|Any CPU
		{3CED8EAB-70BC-4224-AA57-E7CA1FCA1869}.Release|Any CPU.ActiveCfg = Release|Any CPU
		{3CED8EAB-70BC-4224-AA57-E7CA1FCA1869}.Release|Any CPU.Build.0 = Release|Any CPU
		{59BB3188-CF35-4F51-9E11-4A90116C6B49}.Debug|Any CPU.ActiveCfg = Debug|Any CPU
		{59BB3188-CF35-4F51-9E11-4A90116C6B49}.Debug|Any CPU.Build.0 = Debug|Any CPU
		{59BB3188-CF35-4F51-9E11-4A90116C6B49}.Release|Any CPU.ActiveCfg = Release|Any CPU
		{59BB3188-CF35-4F51-9E11-4A90116C6B49}.Release|Any CPU.Build.0 = Release|Any CPU
		{AF70510D-C8A4-4020-A33E-88E1CF6B010D}.Debug|Any CPU.ActiveCfg = Debug|Any CPU
		{AF70510D-C8A4-4020-A33E-88E1CF6B010D}.Debug|Any CPU.Build.0 = Debug|Any CPU
		{AF70510D-C8A4-4020-A33E-88E1CF6B010D}.Release|Any CPU.ActiveCfg = Release|Any CPU
		{AF70510D-C8A4-4020-A33E-88E1CF6B010D}.Release|Any CPU.Build.0 = Release|Any CPU
		{00EB437E-7A14-457C-B44C-5258F40D2D01}.Debug|Any CPU.ActiveCfg = Debug|Any CPU
		{00EB437E-7A14-457C-B44C-5258F40D2D01}.Debug|Any CPU.Build.0 = Debug|Any CPU
		{00EB437E-7A14-457C-B44C-5258F40D2D01}.Release|Any CPU.ActiveCfg = Release|Any CPU
		{00EB437E-7A14-457C-B44C-5258F40D2D01}.Release|Any CPU.Build.0 = Release|Any CPU
		{53868240-8CC2-4D6E-A174-CD037C179DB0}.Debug|Any CPU.ActiveCfg = Debug|Any CPU
		{53868240-8CC2-4D6E-A174-CD037C179DB0}.Debug|Any CPU.Build.0 = Debug|Any CPU
		{53868240-8CC2-4D6E-A174-CD037C179DB0}.Release|Any CPU.ActiveCfg = Release|Any CPU
		{53868240-8CC2-4D6E-A174-CD037C179DB0}.Release|Any CPU.Build.0 = Release|Any CPU
	EndGlobalSection
	GlobalSection(SolutionProperties) = preSolution
		HideSolutionNode = FALSE
	EndGlobalSection
	GlobalSection(NestedProjects) = preSolution
		{3CED8EAB-70BC-4224-AA57-E7CA1FCA1869} = {67C57E90-E651-43EA-AD9D-CB0F77A65F95}
		{AF70510D-C8A4-4020-A33E-88E1CF6B010D} = {2218BE41-4DE6-4DA1-860D-25F4C79B01BA}
		{00EB437E-7A14-457C-B44C-5258F40D2D01} = {67C57E90-E651-43EA-AD9D-CB0F77A65F95}
		{53868240-8CC2-4D6E-A174-CD037C179DB0} = {67C57E90-E651-43EA-AD9D-CB0F77A65F95}
	EndGlobalSection
EndGlobal
